
Microsoft Visual Studio Solution File, Format Version 12.00
# Visual Studio 15
VisualStudioVersion = 15.0.28307.705
MinimumVisualStudioVersion = 10.0.40219.1
Project("{FAE04EC0-301F-11D3-BF4B-00C04F79EFBC}") = "Proje_Hastane", "Proje_Hastane\Proje_Hastane.csproj", "{DBA2D496-29CA-46BC-9DF2-F39AC4E6919D}"
EndProject
Project("{E24C65DC-7377-472B-9ABA-BC803B73C61A}") = "LOCA", "..\LOCA\LOCA\", "{F1CD845E-B861-477E-B150-A78DA6FB21CC}"
	ProjectSection(WebsiteProperties) = preProject
		TargetFrameworkMoniker = ".NETFramework,Version%3Dv4.7.1"
		Debug.AspNetCompiler.VirtualPath = "/localhost_49468"
		Debug.AspNetCompiler.PhysicalPath = "..\LOCA\LOCA\"
		Debug.AspNetCompiler.TargetPath = "PrecompiledWeb\localhost_49468\"
		Debug.AspNetCompiler.Updateable = "true"
		Debug.AspNetCompiler.ForceOverwrite = "true"
		Debug.AspNetCompiler.FixedNames = "false"
		Debug.AspNetCompiler.Debug = "True"
		Release.AspNetCompiler.VirtualPath = "/localhost_49468"
		Release.AspNetCompiler.PhysicalPath = "..\LOCA\LOCA\"
		Release.AspNetCompiler.TargetPath = "PrecompiledWeb\localhost_49468\"
		Release.AspNetCompiler.Updateable = "true"
		Release.AspNetCompiler.ForceOverwrite = "true"
		Release.AspNetCompiler.FixedNames = "false"
		Release.AspNetCompiler.Debug = "False"
		VWDPort = "49468"
		SlnRelativePath = "..\LOCA\LOCA\"
		DefaultWebSiteLanguage = "Visual C#"
	EndProjectSection
EndProject
Project("{FAE04EC0-301F-11D3-BF4B-00C04F79EFBC}") = "Proje1OkulKayit", "..\Proje1OkulKayit\Proje1OkulKayit\Proje1OkulKayit.csproj", "{D5540E5F-70EE-4C9D-8E4B-FE6BECCD395B}"
EndProject
Project("{E24C65DC-7377-472B-9ABA-BC803B73C61A}") = "Yemek_Tarifleri_Sitesi", "..\Yemek_Tarifleri_Sitesi\Yemek_Tarifleri_Sitesi\", "{8D1B6B53-8F7B-4C1A-A65B-76362685A9F4}"
	ProjectSection(WebsiteProperties) = preProject
		TargetFrameworkMoniker = ".NETFramework,Version%3Dv4.7.1"
		Debug.AspNetCompiler.VirtualPath = "/localhost_57205"
		Debug.AspNetCompiler.PhysicalPath = "..\Yemek_Tarifleri_Sitesi\Yemek_Tarifleri_Sitesi\"
		Debug.AspNetCompiler.TargetPath = "PrecompiledWeb\localhost_57205\"
		Debug.AspNetCompiler.Updateable = "true"
		Debug.AspNetCompiler.ForceOverwrite = "true"
		Debug.AspNetCompiler.FixedNames = "false"
		Debug.AspNetCompiler.Debug = "True"
		Release.AspNetCompiler.VirtualPath = "/localhost_57205"
		Release.AspNetCompiler.PhysicalPath = "..\Yemek_Tarifleri_Sitesi\Yemek_Tarifleri_Sitesi\"
		Release.AspNetCompiler.TargetPath = "PrecompiledWeb\localhost_57205\"
		Release.AspNetCompiler.Updateable = "true"
		Release.AspNetCompiler.ForceOverwrite = "true"
		Release.AspNetCompiler.FixedNames = "false"
		Release.AspNetCompiler.Debug = "False"
		VWDPort = "57205"
		SlnRelativePath = "..\Yemek_Tarifleri_Sitesi\Yemek_Tarifleri_Sitesi\"
		DefaultWebSiteLanguage = "Visual C#"
	EndProjectSection
EndProject
Global
	GlobalSection(SolutionConfigurationPlatforms) = preSolution
		Debug|Any CPU = Debug|Any CPU
		Release|Any CPU = Release|Any CPU
	EndGlobalSection
	GlobalSection(ProjectConfigurationPlatforms) = postSolution
		{DBA2D496-29CA-46BC-9DF2-F39AC4E6919D}.Debug|Any CPU.ActiveCfg = Debug|Any CPU
		{DBA2D496-29CA-46BC-9DF2-F39AC4E6919D}.Debug|Any CPU.Build.0 = Debug|Any CPU
		{DBA2D496-29CA-46BC-9DF2-F39AC4E6919D}.Release|Any CPU.ActiveCfg = Release|Any CPU
		{DBA2D496-29CA-46BC-9DF2-F39AC4E6919D}.Release|Any CPU.Build.0 = Release|Any CPU
		{F1CD845E-B861-477E-B150-A78DA6FB21CC}.Debug|Any CPU.ActiveCfg = Debug|Any CPU
		{F1CD845E-B861-477E-B150-A78DA6FB21CC}.Debug|Any CPU.Build.0 = Debug|Any CPU
		{F1CD845E-B861-477E-B150-A78DA6FB21CC}.Release|Any CPU.ActiveCfg = Debug|Any CPU
		{F1CD845E-B861-477E-B150-A78DA6FB21CC}.Release|Any CPU.Build.0 = Debug|Any CPU
		{D5540E5F-70EE-4C9D-8E4B-FE6BECCD395B}.Debug|Any CPU.ActiveCfg = Debug|Any CPU
		{D5540E5F-70EE-4C9D-8E4B-FE6BECCD395B}.Debug|Any CPU.Build.0 = Debug|Any CPU
		{D5540E5F-70EE-4C9D-8E4B-FE6BECCD395B}.Release|Any CPU.ActiveCfg = Release|Any CPU
		{D5540E5F-70EE-4C9D-8E4B-FE6BECCD395B}.Release|Any CPU.Build.0 = Release|Any CPU
		{8D1B6B53-8F7B-4C1A-A65B-76362685A9F4}.Debug|Any CPU.ActiveCfg = Debug|Any CPU
		{8D1B6B53-8F7B-4C1A-A65B-76362685A9F4}.Debug|Any CPU.Build.0 = Debug|Any CPU
		{8D1B6B53-8F7B-4C1A-A65B-76362685A9F4}.Release|Any CPU.ActiveCfg = Debug|Any CPU
		{8D1B6B53-8F7B-4C1A-A65B-76362685A9F4}.Release|Any CPU.Build.0 = Debug|Any CPU
	EndGlobalSection
	GlobalSection(SolutionProperties) = preSolution
		HideSolutionNode = FALSE
	EndGlobalSection
	GlobalSection(ExtensibilityGlobals) = postSolution
		SolutionGuid = {CA719A27-1315-416A-83CD-D75F86EC1544}
	EndGlobalSection
EndGlobal
